
Microsoft Visual Studio Solution File, Format Version 12.00
# Visual Studio 15
VisualStudioVersion = 15.0.26430.16
MinimumVisualStudioVersion = 15.0.26124.0
Project("{9A19103F-16F7-4668-BE54-9A1E7A4F7556}") = "SafelyExecute", "SafelyExecute\SafelyExecute.csproj", "{072B1913-74D8-4ACF-A1E0-15AD038CAEA3}"
EndProject
Project("{9A19103F-16F7-4668-BE54-9A1E7A4F7556}") = "SafelyExecute.Tests", "SafelyExecute.Tests\SafelyExecute.Tests.csproj", "{74758B36-5573-4F26-BD2D-1F0A38200889}"
EndProject
Global
	GlobalSection(SolutionConfigurationPlatforms) = preSolution
		Debug|Any CPU = Debug|Any CPU
		Debug|x64 = Debug|x64
		Debug|x86 = Debug|x86
		Release|Any CPU = Release|Any CPU
		Release|x64 = Release|x64
		Release|x86 = Release|x86
	EndGlobalSection
	GlobalSection(ProjectConfigurationPlatforms) = postSolution
		{072B1913-74D8-4ACF-A1E0-15AD038CAEA3}.Debug|Any CPU.ActiveCfg = Debug|Any CPU
		{072B1913-74D8-4ACF-A1E0-15AD038CAEA3}.Debug|Any CPU.Build.0 = Debug|Any CPU
		{072B1913-74D8-4ACF-A1E0-15AD038CAEA3}.Debug|x64.ActiveCfg = Debug|Any CPU
		{072B1913-74D8-4ACF-A1E0-15AD038CAEA3}.Debug|x64.Build.0 = Debug|Any CPU
		{072B1913-74D8-4ACF-A1E0-15AD038CAEA3}.Debug|x86.ActiveCfg = Debug|Any CPU
		{072B1913-74D8-4ACF-A1E0-15AD038CAEA3}.Debug|x86.Build.0 = Debug|Any CPU
		{072B1913-74D8-4ACF-A1E0-15AD038CAEA3}.Release|Any CPU.ActiveCfg = Release|Any CPU
		{072B1913-74D8-4ACF-A1E0-15AD038CAEA3}.Release|Any CPU.Build.0 = Release|Any CPU
		{072B1913-74D8-4ACF-A1E0-15AD038CAEA3}.Release|x64.ActiveCfg = Release|Any CPU
		{072B1913-74D8-4ACF-A1E0-15AD038CAEA3}.Release|x64.Build.0 = Release|Any CPU
		{072B1913-74D8-4ACF-A1E0-15AD038CAEA3}.Release|x86.ActiveCfg = Release|Any CPU
		{072B1913-74D8-4ACF-A1E0-15AD038CAEA3}.Release|x86.Build.0 = Release|Any CPU
		{74758B36-5573-4F26-BD2D-1F0A38200889}.Debug|Any CPU.ActiveCfg = Debug|Any CPU
		{74758B36-5573-4F26-BD2D-1F0A38200889}.Debug|Any CPU.Build.0 = Debug|Any CPU
		{74758B36-5573-4F26-BD2D-1F0A38200889}.Debug|x64.ActiveCfg = Debug|Any CPU
		{74758B36-5573-4F26-BD2D-1F0A38200889}.Debug|x64.Build.0 = Debug|Any CPU
		{74758B36-5573-4F26-BD2D-1F0A38200889}.Debug|x86.ActiveCfg = Debug|Any CPU
		{74758B36-5573-4F26-BD2D-1F0A38200889}.Debug|x86.Build.0 = Debug|Any CPU
		{74758B36-5573-4F26-BD2D-1F0A38200889}.Release|Any CPU.ActiveCfg = Release|Any CPU
		{74758B36-5573-4F26-BD2D-1F0A38200889}.Release|Any CPU.Build.0 = Release|Any CPU
		{74758B36-5573-4F26-BD2D-1F0A38200889}.Release|x64.ActiveCfg = Release|Any CPU
		{74758B36-5573-4F26-BD2D-1F0A38200889}.Release|x64.Build.0 = Release|Any CPU
		{74758B36-5573-4F26-BD2D-1F0A38200889}.Release|x86.ActiveCfg = Release|Any CPU
		{74758B36-5573-4F26-BD2D-1F0A38200889}.Release|x86.Build.0 = Release|Any CPU
	EndGlobalSection
	GlobalSection(SolutionProperties) = preSolution
		HideSolutionNode = FALSE
	EndGlobalSection
EndGlobal
